
Microsoft Visual Studio Solution File, Format Version 12.00
# Visual Studio Version 16
VisualStudioVersion = 16.0.30104.148
MinimumVisualStudioVersion = 10.0.40219.1
Project("{FAE04EC0-301F-11D3-BF4B-00C04F79EFBC}") = "aspnet_mvc", "aspnet_mvc\aspnet_mvc.csproj", "{5D00B21B-1998-49A7-9DAF-F885382B3289}"
EndProject
Global
	GlobalSection(SolutionConfigurationPlatforms) = preSolution
		Debug|Any CPU = Debug|Any CPU
		Release|Any CPU = Release|Any CPU
	EndGlobalSection
	GlobalSection(ProjectConfigurationPlatforms) = postSolution
		{5D00B21B-1998-49A7-9DAF-F885382B3289}.Debug|Any CPU.ActiveCfg = Debug|Any CPU
		{5D00B21B-1998-49A7-9DAF-F885382B3289}.Debug|Any CPU.Build.0 = Debug|Any CPU
		{5D00B21B-1998-49A7-9DAF-F885382B3289}.Release|Any CPU.ActiveCfg = Release|Any CPU
		{5D00B21B-1998-49A7-9DAF-F885382B3289}.Release|Any CPU.Build.0 = Release|Any CPU
	EndGlobalSection
	GlobalSection(SolutionProperties) = preSolution
		HideSolutionNode = FALSE
	EndGlobalSection
	GlobalSection(ExtensibilityGlobals) = postSolution
		SolutionGuid = {B854D038-9385-4A01-BD83-4A1945DE7A71}
	EndGlobalSection
EndGlobal
